
Microsoft Visual Studio Solution File, Format Version 12.00
# Visual Studio Version 16
VisualStudioVersion = 16.0.32510.428
MinimumVisualStudioVersion = 10.0.40219.1
Project("{FAE04EC0-301F-11D3-BF4B-00C04F79EFBC}") = "YozhCtlLib", "YozhCtlLib\YozhCtlLib.csproj", "{230B393A-A8BD-406E-9B69-597B59D7492E}"
EndProject
Global
	GlobalSection(SolutionConfigurationPlatforms) = preSolution
		Debug|Any CPU = Debug|Any CPU
		Release|Any CPU = Release|Any CPU
	EndGlobalSection
	GlobalSection(ProjectConfigurationPlatforms) = postSolution
		{230B393A-A8BD-406E-9B69-597B59D7492E}.Debug|Any CPU.ActiveCfg = Debug|Any CPU
		{230B393A-A8BD-406E-9B69-597B59D7492E}.Debug|Any CPU.Build.0 = Debug|Any CPU
		{230B393A-A8BD-406E-9B69-597B59D7492E}.Release|Any CPU.ActiveCfg = Release|Any CPU
		{230B393A-A8BD-406E-9B69-597B59D7492E}.Release|Any CPU.Build.0 = Release|Any CPU
	EndGlobalSection
	GlobalSection(SolutionProperties) = preSolution
		HideSolutionNode = FALSE
	EndGlobalSection
	GlobalSection(ExtensibilityGlobals) = postSolution
		SolutionGuid = {16D66266-2597-43B3-8671-B14F32B816B5}
	EndGlobalSection
EndGlobal
